Microsoft Visual Studio Solution File, Format Version 11.00
# Visual Studio 2008

Project("{1F99E378-EDFB-621F-7321-485F37FBE5A4}") = "PenguinRush", "Assembly-CSharp.csproj", "{5AC94FFA-F21E-54BA-A5C7-E0A937AC2594}"
EndProject
Project("{1F99E378-EDFB-621F-7321-485F37FBE5A4}") = "PenguinRush", "Assembly-CSharp-Editor.csproj", "{62EF46B5-FA15-CE50-0655-601BFC4C5498}"
EndProject
Global
	GlobalSection(SolutionConfigurationPlatforms) = preSolution
		Debug|Any CPU = Debug|Any CPU
		Release|Any CPU = Release|Any CPU
	EndGlobalSection
	GlobalSection(ProjectConfigurationPlatforms) = postSolution
		{5AC94FFA-F21E-54BA-A5C7-E0A937AC2594}.Debug|Any CPU.ActiveCfg = Debug|Any CPU
		{5AC94FFA-F21E-54BA-A5C7-E0A937AC2594}.Debug|Any CPU.Build.0 = Debug|Any CPU
		{5AC94FFA-F21E-54BA-A5C7-E0A937AC2594}.Release|Any CPU.ActiveCfg = Release|Any CPU
		{5AC94FFA-F21E-54BA-A5C7-E0A937AC2594}.Release|Any CPU.Build.0 = Release|Any CPU
		{62EF46B5-FA15-CE50-0655-601BFC4C5498}.Debug|Any CPU.ActiveCfg = Debug|Any CPU
		{62EF46B5-FA15-CE50-0655-601BFC4C5498}.Debug|Any CPU.Build.0 = Debug|Any CPU
		{62EF46B5-FA15-CE50-0655-601BFC4C5498}.Release|Any CPU.ActiveCfg = Release|Any CPU
		{62EF46B5-FA15-CE50-0655-601BFC4C5498}.Release|Any CPU.Build.0 = Release|Any CPU
	EndGlobalSection
	GlobalSection(SolutionProperties) = preSolution
		HideSolutionNode = FALSE
	EndGlobalSection
																																																			GlobalSection(MonoDevelopProperties) = preSolution
		StartupItem = Assembly-CSharp.csproj
		Policies = $0
		$0.TextStylePolicy = $1
		$1.inheritsSet = null
		$1.scope = text/x-csharp
		$0.CSharpFormattingPolicy = $2
		$2.inheritsSet = Mono
		$2.inheritsScope = text/x-csharp
		$2.scope = text/x-csharp
		$0.TextStylePolicy = $3
		$3.FileWidth = 120
		$3.TabWidth = 4
		$3.IndentWidth = 4
		$3.EolMarker = Unix
		$3.inheritsSet = Mono
		$3.inheritsScope = text/plain
		$3.scope = text/plain
	EndGlobalSection

EndGlobal
